
Microsoft Visual Studio Solution File, Format Version 12.00
# Visual Studio 15
Project("{FAE04EC0-301F-11D3-BF4B-00C04F79EFBC}") = "Assembly-CSharp", "Assembly-CSharp.csproj", "{428A8D75-BFDB-CC09-B660-2B01086829E2}"
EndProject
Project("{FAE04EC0-301F-11D3-BF4B-00C04F79EFBC}") = "Assembly-CSharp-firstpass", "Assembly-CSharp-firstpass.csproj", "{621BD4F9-E949-C119-4B0A-BFC48C5795D3}"
EndProject
Project("{FAE04EC0-301F-11D3-BF4B-00C04F79EFBC}") = "Assembly-CSharp-Editor", "Assembly-CSharp-Editor.csproj", "{C34D05BC-2EBD-D128-3938-6303A1BC07BE}"
EndProject
Global
	GlobalSection(SolutionConfigurationPlatforms) = preSolution
		Debug|Any CPU = Debug|Any CPU
		Release|Any CPU = Release|Any CPU
	EndGlobalSection
	GlobalSection(ProjectConfigurationPlatforms) = postSolution
		{428A8D75-BFDB-CC09-B660-2B01086829E2}.Debug|Any CPU.ActiveCfg = Debug|Any CPU
		{428A8D75-BFDB-CC09-B660-2B01086829E2}.Debug|Any CPU.Build.0 = Debug|Any CPU
		{428A8D75-BFDB-CC09-B660-2B01086829E2}.Release|Any CPU.ActiveCfg = Release|Any CPU
		{428A8D75-BFDB-CC09-B660-2B01086829E2}.Release|Any CPU.Build.0 = Release|Any CPU
		{621BD4F9-E949-C119-4B0A-BFC48C5795D3}.Debug|Any CPU.ActiveCfg = Debug|Any CPU
		{621BD4F9-E949-C119-4B0A-BFC48C5795D3}.Debug|Any CPU.Build.0 = Debug|Any CPU
		{621BD4F9-E949-C119-4B0A-BFC48C5795D3}.Release|Any CPU.ActiveCfg = Release|Any CPU
		{621BD4F9-E949-C119-4B0A-BFC48C5795D3}.Release|Any CPU.Build.0 = Release|Any CPU
		{C34D05BC-2EBD-D128-3938-6303A1BC07BE}.Debug|Any CPU.ActiveCfg = Debug|Any CPU
		{C34D05BC-2EBD-D128-3938-6303A1BC07BE}.Debug|Any CPU.Build.0 = Debug|Any CPU
		{C34D05BC-2EBD-D128-3938-6303A1BC07BE}.Release|Any CPU.ActiveCfg = Release|Any CPU
		{C34D05BC-2EBD-D128-3938-6303A1BC07BE}.Release|Any CPU.Build.0 = Release|Any CPU
	EndGlobalSection
	GlobalSection(SolutionProperties) = preSolution
		HideSolutionNode = FALSE
	EndGlobalSection
EndGlobal
